
Microsoft Visual Studio Solution File, Format Version 12.00
# Visual Studio Version 17
VisualStudioVersion = 17.2.32630.192
MinimumVisualStudioVersion = 10.0.40219.1
Project("{9A19103F-16F7-4668-BE54-9A1E7A4F7556}") = "WebUI", "WebUI\WebUI.csproj", "{DCAC336F-F91F-4EAF-8771-53A31BB46D6B}"
EndProject
Project("{9A19103F-16F7-4668-BE54-9A1E7A4F7556}") = "Domain", "Domain\Domain.csproj", "{646C600F-3CF2-408D-8F71-9840094B0CB6}"
EndProject
Project("{9A19103F-16F7-4668-BE54-9A1E7A4F7556}") = "Application", "Application\Application.csproj", "{1D52B705-186B-4ADC-B21E-E7839FBD73EA}"
EndProject
Project("{9A19103F-16F7-4668-BE54-9A1E7A4F7556}") = "Infrastructure", "Infrastructure\Infrastructure.csproj", "{6DCC0B83-12B6-4520-882F-0000E4176383}"
EndProject
Project("{9A19103F-16F7-4668-BE54-9A1E7A4F7556}") = "Test", "Test\Test.csproj", "{984C1F12-035C-4452-94C2-DD44CB26700F}"
EndProject
Global
	GlobalSection(SolutionConfigurationPlatforms) = preSolution
		Debug|Any CPU = Debug|Any CPU
		Release|Any CPU = Release|Any CPU
	EndGlobalSection
	GlobalSection(ProjectConfigurationPlatforms) = postSolution
		{DCAC336F-F91F-4EAF-8771-53A31BB46D6B}.Debug|Any CPU.ActiveCfg = Debug|Any CPU
		{DCAC336F-F91F-4EAF-8771-53A31BB46D6B}.Debug|Any CPU.Build.0 = Debug|Any CPU
		{DCAC336F-F91F-4EAF-8771-53A31BB46D6B}.Release|Any CPU.ActiveCfg = Release|Any CPU
		{DCAC336F-F91F-4EAF-8771-53A31BB46D6B}.Release|Any CPU.Build.0 = Release|Any CPU
		{646C600F-3CF2-408D-8F71-9840094B0CB6}.Debug|Any CPU.ActiveCfg = Debug|Any CPU
		{646C600F-3CF2-408D-8F71-9840094B0CB6}.Debug|Any CPU.Build.0 = Debug|Any CPU
		{646C600F-3CF2-408D-8F71-9840094B0CB6}.Release|Any CPU.ActiveCfg = Release|Any CPU
		{646C600F-3CF2-408D-8F71-9840094B0CB6}.Release|Any CPU.Build.0 = Release|Any CPU
		{1D52B705-186B-4ADC-B21E-E7839FBD73EA}.Debug|Any CPU.ActiveCfg = Debug|Any CPU
		{1D52B705-186B-4ADC-B21E-E7839FBD73EA}.Debug|Any CPU.Build.0 = Debug|Any CPU
		{1D52B705-186B-4ADC-B21E-E7839FBD73EA}.Release|Any CPU.ActiveCfg = Release|Any CPU
		{1D52B705-186B-4ADC-B21E-E7839FBD73EA}.Release|Any CPU.Build.0 = Release|Any CPU
		{6DCC0B83-12B6-4520-882F-0000E4176383}.Debug|Any CPU.ActiveCfg = Debug|Any CPU
		{6DCC0B83-12B6-4520-882F-0000E4176383}.Debug|Any CPU.Build.0 = Debug|Any CPU
		{6DCC0B83-12B6-4520-882F-0000E4176383}.Release|Any CPU.ActiveCfg = Release|Any CPU
		{6DCC0B83-12B6-4520-882F-0000E4176383}.Release|Any CPU.Build.0 = Release|Any CPU
		{984C1F12-035C-4452-94C2-DD44CB26700F}.Debug|Any CPU.ActiveCfg = Debug|Any CPU
		{984C1F12-035C-4452-94C2-DD44CB26700F}.Debug|Any CPU.Build.0 = Debug|Any CPU
		{984C1F12-035C-4452-94C2-DD44CB26700F}.Release|Any CPU.ActiveCfg = Release|Any CPU
		{984C1F12-035C-4452-94C2-DD44CB26700F}.Release|Any CPU.Build.0 = Release|Any CPU
	EndGlobalSection
	GlobalSection(SolutionProperties) = preSolution
		HideSolutionNode = FALSE
	EndGlobalSection
	GlobalSection(ExtensibilityGlobals) = postSolution
		SolutionGuid = {BF843CE9-7D34-4016-A638-DFF54FE08279}
	EndGlobalSection
EndGlobal
